
Microsoft Visual Studio Solution File, Format Version 12.00
Project("{FAE04EC0-301F-11D3-BF4B-00C04F79EFBC}") = "product-api", "product-api.csproj", "{DEFADB84-D857-4E51-B4F7-AD5F9D40496E}"
EndProject
Global
	GlobalSection(SolutionConfigurationPlatforms) = preSolution
		Debug|Any CPU = Debug|Any CPU
		Release|Any CPU = Release|Any CPU
	EndGlobalSection
	GlobalSection(ProjectConfigurationPlatforms) = postSolution
		{DEFADB84-D857-4E51-B4F7-AD5F9D40496E}.Debug|Any CPU.ActiveCfg = Debug|Any CPU
		{DEFADB84-D857-4E51-B4F7-AD5F9D40496E}.Debug|Any CPU.Build.0 = Debug|Any CPU
		{DEFADB84-D857-4E51-B4F7-AD5F9D40496E}.Release|Any CPU.ActiveCfg = Release|Any CPU
		{DEFADB84-D857-4E51-B4F7-AD5F9D40496E}.Release|Any CPU.Build.0 = Release|Any CPU
	EndGlobalSection
EndGlobal
